
Microsoft Visual Studio Solution File, Format Version 12.00
# Visual Studio 15
VisualStudioVersion = 15.0.26124.0
MinimumVisualStudioVersion = 15.0.26124.0
Project("{2150E333-8FDC-42A3-9474-1A3956D46DE8}") = "src", "src", "{4862E9B9-07C2-4493-B787-0C3303A34CD9}"
EndProject
Project("{FAE04EC0-301F-11D3-BF4B-00C04F79EFBC}") = "FrandiDev.CMS", "src\FrandiDev.CMS\FrandiDev.CMS.csproj", "{EC543C73-D059-4C87-B0E6-BADFF2A2E03E}"
EndProject
Global
	GlobalSection(SolutionConfigurationPlatforms) = preSolution
		Debug|Any CPU = Debug|Any CPU
		Debug|x64 = Debug|x64
		Debug|x86 = Debug|x86
		Release|Any CPU = Release|Any CPU
		Release|x64 = Release|x64
		Release|x86 = Release|x86
	EndGlobalSection
	GlobalSection(SolutionProperties) = preSolution
		HideSolutionNode = FALSE
	EndGlobalSection
	GlobalSection(ProjectConfigurationPlatforms) = postSolution
		{EC543C73-D059-4C87-B0E6-BADFF2A2E03E}.Debug|Any CPU.ActiveCfg = Debug|Any CPU
		{EC543C73-D059-4C87-B0E6-BADFF2A2E03E}.Debug|Any CPU.Build.0 = Debug|Any CPU
		{EC543C73-D059-4C87-B0E6-BADFF2A2E03E}.Debug|x64.ActiveCfg = Debug|Any CPU
		{EC543C73-D059-4C87-B0E6-BADFF2A2E03E}.Debug|x64.Build.0 = Debug|Any CPU
		{EC543C73-D059-4C87-B0E6-BADFF2A2E03E}.Debug|x86.ActiveCfg = Debug|Any CPU
		{EC543C73-D059-4C87-B0E6-BADFF2A2E03E}.Debug|x86.Build.0 = Debug|Any CPU
		{EC543C73-D059-4C87-B0E6-BADFF2A2E03E}.Release|Any CPU.ActiveCfg = Release|Any CPU
		{EC543C73-D059-4C87-B0E6-BADFF2A2E03E}.Release|Any CPU.Build.0 = Release|Any CPU
		{EC543C73-D059-4C87-B0E6-BADFF2A2E03E}.Release|x64.ActiveCfg = Release|Any CPU
		{EC543C73-D059-4C87-B0E6-BADFF2A2E03E}.Release|x64.Build.0 = Release|Any CPU
		{EC543C73-D059-4C87-B0E6-BADFF2A2E03E}.Release|x86.ActiveCfg = Release|Any CPU
		{EC543C73-D059-4C87-B0E6-BADFF2A2E03E}.Release|x86.Build.0 = Release|Any CPU
	EndGlobalSection
	GlobalSection(NestedProjects) = preSolution
		{EC543C73-D059-4C87-B0E6-BADFF2A2E03E} = {4862E9B9-07C2-4493-B787-0C3303A34CD9}
	EndGlobalSection
EndGlobal
